// !$*UTF8*$!
{
	archiveVersion = 1;
	classes = {
	};
	objectVersion = 56;
	objects = {

/* Begin PBXBuildFile section */
		10F813E8290A3BF9009E3198 /* AppDelegate.swift in Sources */ = {isa = PBXBuildFile; fileRef = 10F813E7290A3BF9009E3198 /* AppDelegate.swift */; };
		10F813EA290A3BF9009E3198 /* SceneDelegate.swift in Sources */ = {isa = PBXBuildFile; fileRef = 10F813E9290A3BF9009E3198 /* SceneDelegate.swift */; };
		10F813EC290A3BF9009E3198 /* ViewController.swift in Sources */ = {isa = PBXBuildFile; fileRef = 10F813EB290A3BF9009E3198 /* ViewController.swift */; };
		10F813EF290A3BF9009E3198 /* Main.storyboard in Resources */ = {isa = PBXBuildFile; fileRef = 10F813ED290A3BF9009E3198 /* Main.storyboard */; };
		10F813F1290A3BFA009E3198 /* Assets.xcassets in Resources */ = {isa = PBXBuildFile; fileRef = 10F813F0290A3BFA009E3198 /* Assets.xcassets */; };
		10F813F4290A3BFA009E3198 /* LaunchScreen.storyboard in Resources */ = {isa = PBXBuildFile; fileRef = 10F813F2290A3BFA009E3198 /* LaunchScreen.storyboard */; };
		10F813FF290A3BFA009E3198 /* HackwichNineTests.swift in Sources */ = {isa = PBXBuildFile; fileRef = 10F813FE290A3BFA009E3198 /* HackwichNineTests.swift */; };
		10F81409290A3BFA009E3198 /* HackwichNineUITests.swift in Sources */ = {isa = PBXBuildFile; fileRef = 10F81408290A3BFA009E3198 /* HackwichNineUITests.swift */; };
		10F8140B290A3BFA009E3198 /* HackwichNineUITestsLaunchTests.swift in Sources */ = {isa = PBXBuildFile; fileRef = 10F8140A290A3BFA009E3198 /* HackwichNineUITestsLaunchTests.swift */; };
/* End PBXBuildFile section */

/* Begin PBXContainerItemProxy section */
		10F813FB290A3BFA009E3198 /* PBXContainerItemProxy */ = {
			isa = PBXContainerItemProxy;
			containerPortal = 10F813DC290A3BF8009E3198 /* Project object */;
			proxyType = 1;
			remoteGlobalIDString = 10F813E3290A3BF8009E3198;
			remoteInfo = HackwichNine;
		};
		10F81405290A3BFA009E3198 /* PBXContainerItemProxy */ = {
			isa = PBXContainerItemProxy;
			containerPortal = 10F813DC290A3BF8009E3198 /* Project object */;
			proxyType = 1;
			remoteGlobalIDString = 10F813E3290A3BF8009E3198;
			remoteInfo = HackwichNine;
		};
/* End PBXContainerItemProxy section */

/* Begin PBXFileReference section */
		10F813E4290A3BF8009E3198 /* HackwichNine.app */ = {isa = PBXFileReference; explicitFileType = wrapper.application; includeInIndex = 0; path = HackwichNine.app; sourceTree = BUILT_PRODUCTS_DIR; };
		10F813E7290A3BF9009E3198 /* AppDelegate.swift */ = {isa = PBXFileReference; lastKnownFileType = sourcecode.swift; path = AppDelegate.swift; sourceTree = "<group>"; };
		10F813E9290A3BF9009E3198 /* SceneDelegate.swift */ = {isa = PBXFileReference; lastKnownFileType = sourcecode.swift; path = SceneDelegate.swift; sourceTree = "<group>"; };
		10F813EB290A3BF9009E3198 /* ViewController.swift */ = {isa = PBXFileReference; lastKnownFileType = sourcecode.swift; path = ViewController.swift; sourceTree = "<group>"; };
		10F813EE290A3BF9009E3198 /* Base */ = {isa = PBXFileReference; lastKnownFileType = file.storyboard; name = Base; path = Base.lproj/Main.storyboard; sourceTree = "<group>"; };
		10F813F0290A3BFA009E3198 /* Assets.xcassets */ = {isa = PBXFileReference; lastKnownFileType = folder.assetcatalog; path = Assets.xcassets; sourceTree = "<group>"; };
		10F813F3290A3BFA009E3198 /* Base */ = {isa = PBXFileReference; lastKnownFileType = file.storyboard; name = Base; path = Base.lproj/LaunchScreen.storyboard; sourceTree = "<group>"; };
		10F813F5290A3BFA009E3198 /* Info.plist */ = {isa = PBXFileReference; lastKnownFileType = text.plist.xml; path = Info.plist; sourceTree = "<group>"; };
		10F813FA290A3BFA009E3198 /* HackwichNineTests.xctest */ = {isa = PBXFileReference; explicitFileType = wrapper.cfbundle; includeInIndex = 0; path = HackwichNineTests.xctest; sourceTree = BUILT_PRODUCTS_DIR; };
		10F813FE290A3BFA009E3198 /* HackwichNineTests.swift */ = {isa = PBXFileReference; lastKnownFileType = sourcecode.swift; path = HackwichNineTests.swift; sourceTree = "<group>"; };
		10F81404290A3BFA009E3198 /* HackwichNineUITests.xctest */ = {isa = PBXFileReference; explicitFileType = wrapper.cfbundle; includeInIndex = 0; path = HackwichNineUITests.xctest; sourceTree = BUILT_PRODUCTS_DIR; };
		10F81408290A3BFA009E3198 /* HackwichNineUITests.swift */ = {isa = PBXFileReference; lastKnownFileType = sourcecode.swift; path = HackwichNineUITests.swift; sourceTree = "<group>"; };
		10F8140A290A3BFA009E3198 /* HackwichNineUITestsLaunchTests.swift */ = {isa = PBXFileReference; lastKnownFileType = sourcecode.swift; path = HackwichNineUITestsLaunchTests.swift; sourceTree = "<group>"; };
/* End PBXFileReference section */

/* Begin PBXFrameworksBuildPhase section */
		10F813E1290A3BF8009E3198 /* Frameworks */ = {
			isa = PBXFrameworksBuildPhase;
			buildActionMask = 2147483647;
			files = (
			);
			runOnlyForDeploymentPostprocessing = 0;
		};
		10F813F7290A3BFA009E3198 /* Frameworks */ = {
			isa = PBXFrameworksBuildPhase;
			buildActionMask = 2147483647;
			files = (
			);
			runOnlyForDeploymentPostprocessing = 0;
		};
		10F81401290A3BFA009E3198 /* Frameworks */ = {
			isa = PBXFrameworksBuildPhase;
			buildActionMask = 2147483647;
			files = (
			);
			runOnlyForDeploymentPostprocessing = 0;
		};
/* End PBXFrameworksBuildPhase section */

/* Begin PBXGroup section */
		10F813DB290A3BF8009E3198 = {
			isa = PBXGroup;
			children = (
				10F813E6290A3BF8009E3198 /* HackwichNine */,
				10F813FD290A3BFA009E3198 /* HackwichNineTests */,
				10F81407290A3BFA009E3198 /* HackwichNineUITests */,
				10F813E5290A3BF8009E3198 /* Products */,
			);
			sourceTree = "<group>";
		};
		10F813E5290A3BF8009E3198 /* Products */ = {
			isa = PBXGroup;
			children = (
				10F813E4290A3BF8009E3198 /* HackwichNine.app */,
				10F813FA290A3BFA009E3198 /* HackwichNineTests.xctest */,
				10F81404290A3BFA009E3198 /* HackwichNineUITests.xctest */,
			);
			name = Products;
			sourceTree = "<group>";
		};
		10F813E6290A3BF8009E3198 /* HackwichNine */ = {
			isa = PBXGroup;
			children = (
				10F813E7290A3BF9009E3198 /* AppDelegate.swift */,
				10F813E9290A3BF9009E3198 /* SceneDelegate.swift */,
				10F813EB290A3BF9009E3198 /* ViewController.swift */,
				10F813ED290A3BF9009E3198 /* Main.storyboard */,
				10F813F0290A3BFA009E3198 /* Assets.xcassets */,
				10F813F2290A3BFA009E3198 /* LaunchScreen.storyboard */,
				10F813F5290A3BFA009E3198 /* Info.plist */,
			);
			path = HackwichNine;
			sourceTree = "<group>";
		};
		10F813FD290A3BFA009E3198 /* HackwichNineTests */ = {
			isa = PBXGroup;
			children = (
				10F813FE290A3BFA009E3198 /* HackwichNineTests.swift */,
			);
			path = HackwichNineTests;
			sourceTree = "<group>";
		};
		10F81407290A3BFA009E3198 /* HackwichNineUITests */ = {
			isa = PBXGroup;
			children = (
				10F81408290A3BFA009E3198 /* HackwichNineUITests.swift */,
				10F8140A290A3BFA009E3198 /* HackwichNineUITestsLaunchTests.swift */,
			);
			path = HackwichNineUITests;
			sourceTree = "<group>";
		};
/* End PBXGroup section */

/* Begin PBXNativeTarget section */
		10F813E3290A3BF8009E3198 /* HackwichNine */ = {
			isa = PBXNativeTarget;
			buildConfigurationList = 10F8140E290A3BFA009E3198 /* Build configuration list for PBXNativeTarget "HackwichNine" */;
			buildPhases = (
				10F813E0290A3BF8009E3198 /* Sources */,
				10F813E1290A3BF8009E3198 /* Frameworks */,
				10F813E2290A3BF8009E3198 /* Resources */,
			);
			buildRules = (
			);
			dependencies = (
			);
			name = HackwichNine;
			productName = HackwichNine;
			productReference = 10F813E4290A3BF8009E3198 /* HackwichNine.app */;
			productType = "com.apple.product-type.application";
		};
		10F813F9290A3BFA009E3198 /* HackwichNineTests */ = {
			isa = PBXNativeTarget;
			buildConfigurationList = 10F81411290A3BFA009E3198 /* Build configuration list for PBXNativeTarget "HackwichNineTests" */;
			buildPhases = (
				10F813F6290A3BFA009E3198 /* Sources */,
				10F813F7290A3BFA009E3198 /* Frameworks */,
				10F813F8290A3BFA009E3198 /* Resources */,
			);
			buildRules = (
			);
			dependencies = (
				10F813FC290A3BFA009E3198 /* PBXTargetDependency */,
			);
			name = HackwichNineTests;
			productName = HackwichNineTests;
			productReference = 10F813FA290A3BFA009E3198 /* HackwichNineTests.xctest */;
			productType = "com.apple.product-type.bundle.unit-test";
		};
		10F81403290A3BFA009E3198 /* HackwichNineUITests */ = {
			isa = PBXNativeTarget;
			buildConfigurationList = 10F81414290A3BFA009E3198 /* Build configuration list for PBXNativeTarget "HackwichNineUITests" */;
			buildPhases = (
				10F81400290A3BFA009E3198 /* Sources */,
				10F81401290A3BFA009E3198 /* Frameworks */,
				10F81402290A3BFA009E3198 /* Resources */,
			);
			buildRules = (
			);
			dependencies = (
				10F81406290A3BFA009E3198 /* PBXTargetDependency */,
			);
			name = HackwichNineUITests;
			productName = HackwichNineUITests;
			productReference = 10F81404290A3BFA009E3198 /* HackwichNineUITests.xctest */;
			productType = "com.apple.product-type.bundle.ui-testing";
		};
/* End PBXNativeTarget section */

/* Begin PBXProject section */
		10F813DC290A3BF8009E3198 /* Project object */ = {
			isa = PBXProject;
			attributes = {
				BuildIndependentTargetsInParallel = 1;
				LastSwiftUpdateCheck = 1400;
				LastUpgradeCheck = 1400;
				TargetAttributes = {
					10F813E3290A3BF8009E3198 = {
						CreatedOnToolsVersion = 14.0;
					};
					10F813F9290A3BFA009E3198 = {
						CreatedOnToolsVersion = 14.0;
						TestTargetID = 10F813E3290A3BF8009E3198;
					};
					10F81403290A3BFA009E3198 = {
						CreatedOnToolsVersion = 14.0;
						TestTargetID = 10F813E3290A3BF8009E3198;
					};
				};
			};
			buildConfigurationList = 10F813DF290A3BF8009E3198 /* Build configuration list for PBXProject "HackwichNine" */;
			compatibilityVersion = "Xcode 14.0";
			developmentRegion = en;
			hasScannedForEncodings = 0;
			knownRegions = (
				en,
				Base,
			);
			mainGroup = 10F813DB290A3BF8009E3198;
			productRefGroup = 10F813E5290A3BF8009E3198 /* Products */;
			projectDirPath = "";
			projectRoot = "";
			targets = (
				10F813E3290A3BF8009E3198 /* HackwichNine */,
				10F813F9290A3BFA009E3198 /* HackwichNineTests */,
				10F81403290A3BFA009E3198 /* HackwichNineUITests */,
			);
		};
/* End PBXProject section */

/* Begin PBXResourcesBuildPhase section */
		10F813E2290A3BF8009E3198 /* Resources */ = {
			isa = PBXResourcesBuildPhase;
			buildActionMask = 2147483647;
			files = (
				10F813F4290A3BFA009E3198 /* LaunchScreen.storyboard in Resources */,
				10F813F1290A3BFA009E3198 /* Assets.xcassets in Resources */,
				10F813EF290A3BF9009E3198 /* Main.storyboard in Resources */,
			);
			runOnlyForDeploymentPostprocessing = 0;
		};
		10F813F8290A3BFA009E3198 /* Resources */ = {
			isa = PBXResourcesBuildPhase;
			buildActionMask = 2147483647;
			files = (
			);
			runOnlyForDeploymentPostprocessing = 0;
		};
		10F81402290A3BFA009E3198 /* Resources */ = {
			isa = PBXResourcesBuildPhase;
			buildActionMask = 2147483647;
			files = (
			);
			runOnlyForDeploymentPostprocessing = 0;
		};
/* End PBXResourcesBuildPhase section */

/* Begin PBXSourcesBuildPhase section */
		10F813E0290A3BF8009E3198 /* Sources */ = {
			isa = PBXSourcesBuildPhase;
			buildActionMask = 2147483647;
			files = (
				10F813EC290A3BF9009E3198 /* ViewController.swift in Sources */,
				10F813E8290A3BF9009E3198 /* AppDelegate.swift in Sources */,
				10F813EA290A3BF9009E3198 /* SceneDelegate.swift in Sources */,
			);
			runOnlyForDeploymentPostprocessing = 0;
		};
		10F813F6290A3BFA009E3198 /* Sources */ = {
			isa = PBXSourcesBuildPhase;
			buildActionMask = 2147483647;
			files = (
				10F813FF290A3BFA009E3198 /* HackwichNineTests.swift in Sources */,
			);
			runOnlyForDeploymentPostprocessing = 0;
		};
		10F81400290A3BFA009E3198 /* Sources */ = {
			isa = PBXSourcesBuildPhase;
			buildActionMask = 2147483647;
			files = (
				10F8140B290A3BFA009E3198 /* HackwichNineUITestsLaunchTests.swift in Sources */,
				10F81409290A3BFA009E3198 /* HackwichNineUITests.swift in Sources */,
			);
			runOnlyForDeploymentPostprocessing = 0;
		};
/* End PBXSourcesBuildPhase section */

/* Begin PBXTargetDependency section */
		10F813FC290A3BFA009E3198 /* PBXTargetDependency */ = {
			isa = PBXTargetDependency;
			target = 10F813E3290A3BF8009E3198 /* HackwichNine */;
			targetProxy = 10F813FB290A3BFA009E3198 /* PBXContainerItemProxy */;
		};
		10F81406290A3BFA009E3198 /* PBXTargetDependency */ = {
			isa = PBXTargetDependency;
			target = 10F813E3290A3BF8009E3198 /* HackwichNine */;
			targetProxy = 10F81405290A3BFA009E3198 /* PBXContainerItemProxy */;
		};
/* End PBXTargetDependency section */

/* Begin PBXVariantGroup section */
		10F813ED290A3BF9009E3198 /* Main.storyboard */ = {
			isa = PBXVariantGroup;
			children = (
				10F813EE290A3BF9009E3198 /* Base */,
			);
			name = Main.storyboard;
			sourceTree = "<group>";
		};
		10F813F2290A3BFA009E3198 /* LaunchScreen.storyboard */ = {
			isa = PBXVariantGroup;
			children = (
				10F813F3290A3BFA009E3198 /* Base */,
			);
			name = LaunchScreen.storyboard;
			sourceTree = "<group>";
		};
/* End PBXVariantGroup section */

/* Begin XCBuildConfiguration section */
		10F8140C290A3BFA009E3198 /* Debug */ = {
			isa = XCBuildConfiguration;
			buildSettings = {
				ALWAYS_SEARCH_USER_PATHS = NO;
				CLANG_ANALYZER_NONNULL = YES;
				CLANG_ANALYZER_NUMBER_OBJECT_CONVERSION = YES_AGGRESSIVE;
				CLANG_CXX_LANGUAGE_STANDARD = "gnu++20";
				CLANG_ENABLE_MODULES = YES;
				CLANG_ENABLE_OBJC_ARC = YES;
				CLANG_ENABLE_OBJC_WEAK = YES;
				CLANG_WARN_BLOCK_CAPTURE_AUTORELEASING = YES;
				CLANG_WARN_BOOL_CONVERSION = YES;
				CLANG_WARN_COMMA = YES;
				CLANG_WARN_CONSTANT_CONVERSION = YES;
				CLANG_WARN_DEPRECATED_OBJC_IMPLEMENTATIONS = YES;
				CLANG_WARN_DIRECT_OBJC_ISA_USAGE = YES_ERROR;
				CLANG_WARN_DOCUMENTATION_COMMENTS = YES;
				CLANG_WARN_EMPTY_BODY = YES;
				CLANG_WARN_ENUM_CONVERSION = YES;
				CLANG_WARN_INFINITE_RECURSION = YES;
				CLANG_WARN_INT_CONVERSION = YES;
				CLANG_WARN_NON_LITERAL_NULL_CONVERSION = YES;
				CLANG_WARN_OBJC_IMPLICIT_RETAIN_SELF = YES;
				CLANG_WARN_OBJC_LITERAL_CONVERSION = YES;
				CLANG_WARN_OBJC_ROOT_CLASS = YES_ERROR;
				CLANG_WARN_QUOTED_INCLUDE_IN_FRAMEWORK_HEADER = YES;
				CLANG_WARN_RANGE_LOOP_ANALYSIS = YES;
				CLANG_WARN_STRICT_PROTOTYPES = YES;
				CLANG_WARN_SUSPICIOUS_MOVE = YES;
				CLANG_WARN_UNGUARDED_AVAILABILITY = YES_AGGRESSIVE;
				CLANG_WARN_UNREACHABLE_CODE = YES;
				CLANG_WARN__DUPLICATE_METHOD_MATCH = YES;
				COPY_PHASE_STRIP = NO;
				DEBUG_INFORMATION_FORMAT = dwarf;
				ENABLE_STRICT_OBJC_MSGSEND = YES;
				ENABLE_TESTABILITY = YES;
				GCC_C_LANGUAGE_STANDARD = gnu11;
				GCC_DYNAMIC_NO_PIC = NO;
				GCC_NO_COMMON_BLOCKS = YES;
				GCC_OPTIMIZATION_LEVEL = 0;
				GCC_PREPROCESSOR_DEFINITIONS = (
					"DEBUG=1",
					"$(inherited)",
				);
				GCC_WARN_64_TO_32_BIT_CONVERSION = YES;
				GCC_WARN_ABOUT_RETURN_TYPE = YES_ERROR;
				GCC_WARN_UNDECLARED_SELECTOR = YES;
				GCC_WARN_UNINITIALIZED_AUTOS = YES_AGGRESSIVE;
				GCC_WARN_UNUSED_FUNCTION = YES;
				GCC_WARN_UNUSED_VARIABLE = YES;
				IPHONEOS_DEPLOYMENT_TARGET = 16.0;
				MTL_ENABLE_DEBUG_INFO = INCLUDE_SOURCE;
				MTL_FAST_MATH = YES;
				ONLY_ACTIVE_ARCH = YES;
				SDKROOT = iphoneos;
				SWIFT_ACTIVE_COMPILATION_CONDITIONS = DEBUG;
				SWIFT_OPTIMIZATION_LEVEL = "-Onone";
			};
			name = Debug;
		};
		10F8140D290A3BFA009E3198 /* Release */ = {
			isa = XCBuildConfiguration;
			buildSettings = {
				ALWAYS_SEARCH_USER_PATHS = NO;
				CLANG_ANALYZER_NONNULL = YES;
				CLANG_ANALYZER_NUMBER_OBJECT_CONVERSION = YES_AGGRESSIVE;
				CLANG_CXX_LANGUAGE_STANDARD = "gnu++20";
				CLANG_ENABLE_MODULES = YES;
				CLANG_ENABLE_OBJC_ARC = YES;
				CLANG_ENABLE_OBJC_WEAK = YES;
				CLANG_WARN_BLOCK_CAPTURE_AUTORELEASING = YES;
				CLANG_WARN_BOOL_CONVERSION = YES;
				CLANG_WARN_COMMA = YES;
				CLANG_WARN_CONSTANT_CONVERSION = YES;
				CLANG_WARN_DEPRECATED_OBJC_IMPLEMENTATIONS = YES;
				CLANG_WARN_DIRECT_OBJC_ISA_USAGE = YES_ERROR;
				CLANG_WARN_DOCUMENTATION_COMMENTS = YES;
				CLANG_WARN_EMPTY_BODY = YES;
				CLANG_WARN_ENUM_CONVERSION = YES;
				CLANG_WARN_INFINITE_RECURSION = YES;
				CLANG_WARN_INT_CONVERSION = YES;
				CLANG_WARN_NON_LITERAL_NULL_CONVERSION = YES;
				CLANG_WARN_OBJC_IMPLICIT_RETAIN_SELF = YES;
				CLANG_WARN_OBJC_LITERAL_CONVERSION = YES;
				CLANG_WARN_OBJC_ROOT_CLASS = YES_ERROR;
				CLANG_WARN_QUOTED_INCLUDE_IN_FRAMEWORK_HEADER = YES;
				CLANG_WARN_RANGE_LOOP_ANALYSIS = YES;
				CLANG_WARN_STRICT_PROTOTYPES = YES;
				CLANG_WARN_SUSPICIOUS_MOVE = YES;
				CLANG_WARN_UNGUARDED_AVAILABILITY = YES_AGGRESSIVE;
				CLANG_WARN_UNREACHABLE_CODE = YES;
				CLANG_WARN__DUPLICATE_METHOD_MATCH = YES;
				COPY_PHASE_STRIP = NO;
				DEBUG_INFORMATION_FORMAT = "dwarf-with-dsym";
				ENABLE_NS_ASSERTIONS = NO;
				ENABLE_STRICT_OBJC_MSGSEND = YES;
				GCC_C_LANGUAGE_STANDARD = gnu11;
				GCC_NO_COMMON_BLOCKS = YES;
				GCC_WARN_64_TO_32_BIT_CONVERSION = YES;
				GCC_WARN_ABOUT_RETURN_TYPE = YES_ERROR;
				GCC_WARN_UNDECLARED_SELECTOR = YES;
				GCC_WARN_UNINITIALIZED_AUTOS = YES_AGGRESSIVE;
				GCC_WARN_UNUSED_FUNCTION = YES;
				GCC_WARN_UNUSED_VARIABLE = YES;
				IPHONEOS_DEPLOYMENT_TARGET = 16.0;
				MTL_ENABLE_DEBUG_INFO = NO;
				MTL_FAST_MATH = YES;
				SDKROOT = iphoneos;
				SWIFT_COMPILATION_MODE = wholemodule;
				SWIFT_OPTIMIZATION_LEVEL = "-O";
				VALIDATE_PRODUCT = YES;
			};
			name = Release;
		};
		10F8140F290A3BFA009E3198 /* Debug */ = {
			isa = XCBuildConfiguration;
			buildSettings = {
				ASSETCATALOG_COMPILER_APPICON_NAME = AppIcon;
				ASSETCATALOG_COMPILER_GLOBAL_ACCENT_COLOR_NAME = AccentColor;
				CODE_SIGN_STYLE = Automatic;
				CURRENT_PROJECT_VERSION = 1;
				DEVELOPMENT_TEAM = CSAA5UU2FL;
				GENERATE_INFOPLIST_FILE = YES;
				INFOPLIST_FILE = HackwichNine/Info.plist;
				INFOPLIST_KEY_UIApplicationSupportsIndirectInputEvents = YES;
				INFOPLIST_KEY_UILaunchStoryboardName = LaunchScreen;
				INFOPLIST_KEY_UIMainStoryboardFile = Main;
				INFOPLIST_KEY_UISupportedInterfaceOrientations_iPad = "UIInterfaceOrientationPortrait UIInterfaceOrientationPortraitUpsideDown UIInterfaceOrientationLandscapeLeft UIInterfaceOrientationLandscapeRight";
				INFOPLIST_KEY_UISupportedInterfaceOrientations_iPhone = "UIInterfaceOrientationPortrait UIInterfaceOrientationLandscapeLeft UIInterfaceOrientationLandscapeRight";
				LD_RUNPATH_SEARCH_PATHS = (
					"$(inherited)",
					"@executable_path/Frameworks",
				);
				MARKETING_VERSION = 1.0;
				PRODUCT_BUNDLE_IDENTIFIER = julescas.UHWO.HackwichNine;
				PRODUCT_NAME = "$(TARGET_NAME)";
				SWIFT_EMIT_LOC_STRINGS = YES;
				SWIFT_VERSION = 5.0;
				TARGETED_DEVICE_FAMILY = "1,2";
			};
			name = Debug;
		};
		10F81410290A3BFA009E3198 /* Release */ = {
			isa = XCBuildConfiguration;
			buildSettings = {
				ASSETCATALOG_COMPILER_APPICON_NAME = AppIcon;
				ASSETCATALOG_COMPILER_GLOBAL_ACCENT_COLOR_NAME = AccentColor;
				CODE_SIGN_STYLE = Automatic;
				CURRENT_PROJECT_VERSION = 1;
				DEVELOPMENT_TEAM = CSAA5UU2FL;
				GENERATE_INFOPLIST_FILE = YES;
				INFOPLIST_FILE = HackwichNine/Info.plist;
				INFOPLIST_KEY_UIApplicationSupportsIndirectInputEvents = YES;
				INFOPLIST_KEY_UILaunchStoryboardName = LaunchScreen;
				INFOPLIST_KEY_UIMainStoryboardFile = Main;
				INFOPLIST_KEY_UISupportedInterfaceOrientations_iPad = "UIInterfaceOrientationPortrait UIInterfaceOrientationPortraitUpsideDown UIInterfaceOrientationLandscapeLeft UIInterfaceOrientationLandscapeRight";
				INFOPLIST_KEY_UISupportedInterfaceOrientations_iPhone = "UIInterfaceOrientationPortrait UIInterfaceOrientationLandscapeLeft UIInterfaceOrientationLandscapeRight";
				LD_RUNPATH_SEARCH_PATHS = (
					"$(inherited)",
					"@executable_path/Frameworks",
				);
				MARKETING_VERSION = 1.0;
				PRODUCT_BUNDLE_IDENTIFIER = julescas.UHWO.HackwichNine;
				PRODUCT_NAME = "$(TARGET_NAME)";
				SWIFT_EMIT_LOC_STRINGS = YES;
				SWIFT_VERSION = 5.0;
				TARGETED_DEVICE_FAMILY = "1,2";
			};
			name = Release;
		};
		10F81412290A3BFA009E3198 /* Debug */ = {
			isa = XCBuildConfiguration;
			buildSettings = {
				ALWAYS_EMBED_SWIFT_STANDARD_LIBRARIES = YES;
				BUNDLE_LOADER = "$(TEST_HOST)";
				CODE_SIGN_STYLE = Automatic;
				CURRENT_PROJECT_VERSION = 1;
				DEVELOPMENT_TEAM = CSAA5UU2FL;
				GENERATE_INFOPLIST_FILE = YES;
				IPHONEOS_DEPLOYMENT_TARGET = 16.0;
				MARKETING_VERSION = 1.0;
				PRODUCT_BUNDLE_IDENTIFIER = julescas.UHWO.HackwichNineTests;
				PRODUCT_NAME = "$(TARGET_NAME)";
				SWIFT_EMIT_LOC_STRINGS = NO;
				SWIFT_VERSION = 5.0;
				TARGETED_DEVICE_FAMILY = "1,2";
				TEST_HOST = "$(BUILT_PRODUCTS_DIR)/HackwichNine.app/$(BUNDLE_EXECUTABLE_FOLDER_PATH)/HackwichNine";
			};
			name = Debug;
		};
		10F81413290A3BFA009E3198 /* Release */ = {
			isa = XCBuildConfiguration;
			buildSettings = {
				ALWAYS_EMBED_SWIFT_STANDARD_LIBRARIES = YES;
				BUNDLE_LOADER = "$(TEST_HOST)";
				CODE_SIGN_STYLE = Automatic;
				CURRENT_PROJECT_VERSION = 1;
				DEVELOPMENT_TEAM = CSAA5UU2FL;
				GENERATE_INFOPLIST_FILE = YES;
				IPHONEOS_DEPLOYMENT_TARGET = 16.0;
				MARKETING_VERSION = 1.0;
				PRODUCT_BUNDLE_IDENTIFIER = julescas.UHWO.HackwichNineTests;
				PRODUCT_NAME = "$(TARGET_NAME)";
				SWIFT_EMIT_LOC_STRINGS = NO;
				SWIFT_VERSION = 5.0;
				TARGETED_DEVICE_FAMILY = "1,2";
				TEST_HOST = "$(BUILT_PRODUCTS_DIR)/HackwichNine.app/$(BUNDLE_EXECUTABLE_FOLDER_PATH)/HackwichNine";
			};
			name = Release;
		};
		10F81415290A3BFA009E3198 /* Debug */ = {
			isa = XCBuildConfiguration;
			buildSettings = {
				ALWAYS_EMBED_SWIFT_STANDARD_LIBRARIES = YES;
				CODE_SIGN_STYLE = Automatic;
				CURRENT_PROJECT_VERSION = 1;
				DEVELOPMENT_TEAM = CSAA5UU2FL;
				GENERATE_INFOPLIST_FILE = YES;
				MARKETING_VERSION = 1.0;
				PRODUCT_BUNDLE_IDENTIFIER = julescas.UHWO.HackwichNineUITests;
				PRODUCT_NAME = "$(TARGET_NAME)";
				SWIFT_EMIT_LOC_STRINGS = NO;
				SWIFT_VERSION = 5.0;
				TARGETED_DEVICE_FAMILY = "1,2";
				TEST_TARGET_NAME = HackwichNine;
			};
			name = Debug;
		};
		10F81416290A3BFA009E3198 /* Release */ = {
			isa = XCBuildConfiguration;
			buildSettings = {
				ALWAYS_EMBED_SWIFT_STANDARD_LIBRARIES = YES;
				CODE_SIGN_STYLE = Automatic;
				CURRENT_PROJECT_VERSION = 1;
				DEVELOPMENT_TEAM = CSAA5UU2FL;
				GENERATE_INFOPLIST_FILE = YES;
				MARKETING_VERSION = 1.0;
				PRODUCT_BUNDLE_IDENTIFIER = julescas.UHWO.HackwichNineUITests;
				PRODUCT_NAME = "$(TARGET_NAME)";
				SWIFT_EMIT_LOC_STRINGS = NO;
				SWIFT_VERSION = 5.0;
				TARGETED_DEVICE_FAMILY = "1,2";
				TEST_TARGET_NAME = HackwichNine;
			};
			name = Release;
		};
/* End XCBuildConfiguration section */

/* Begin XCConfigurationList section */
		10F813DF290A3BF8009E3198 /* Build configuration list for PBXProject "HackwichNine" */ = {
			isa = XCConfigurationList;
			buildConfigurations = (
				10F8140C290A3BFA009E3198 /* Debug */,
				10F8140D290A3BFA009E3198 /* Release */,
			);
			defaultConfigurationIsVisible = 0;
			defaultConfigurationName = Release;
		};
		10F8140E290A3BFA009E3198 /* Build configuration list for PBXNativeTarget "HackwichNine" */ = {
			isa = XCConfigurationList;
			buildConfigurations = (
				10F8140F290A3BFA009E3198 /* Debug */,
				10F81410290A3BFA009E3198 /* Release */,
			);
			defaultConfigurationIsVisible = 0;
			defaultConfigurationName = Release;
		};
		10F81411290A3BFA009E3198 /* Build configuration list for PBXNativeTarget "HackwichNineTests" */ = {
			isa = XCConfigurationList;
			buildConfigurations = (
				10F81412290A3BFA009E3198 /* Debug */,
				10F81413290A3BFA009E3198 /* Release */,
			);
			defaultConfigurationIsVisible = 0;
			defaultConfigurationName = Release;
		};
		10F81414290A3BFA009E3198 /* Build configuration list for PBXNativeTarget "HackwichNineUITests" */ = {
			isa = XCConfigurationList;
			buildConfigurations = (
				10F81415290A3BFA009E3198 /* Debug */,
				10F81416290A3BFA009E3198 /* Release */,
			);
			defaultConfigurationIsVisible = 0;
			defaultConfigurationName = Release;
		};
/* End XCConfigurationList section */
	};
	rootObject = 10F813DC290A3BF8009E3198 /* Project object */;
}
